
Microsoft Visual Studio Solution File, Format Version 12.00
# Visual Studio Version 17
VisualStudioVersion = 17.1.32328.378
MinimumVisualStudioVersion = 10.0.40219.1
Project("{2150E333-8FDC-42A3-9474-1A3956D46DE8}") = "src", "src", "{64BD54A3-3B4D-4448-A02F-83568DAF0F35}"
EndProject
Project("{FAE04EC0-301F-11D3-BF4B-00C04F79EFBC}") = "ApplicationCore", "ApplicationCore\ApplicationCore.csproj", "{1AC91B91-4792-48EA-AF4D-296A174CA88F}"
EndProject
Project("{FAE04EC0-301F-11D3-BF4B-00C04F79EFBC}") = "Infrastructure", "Infrastructure\Infrastructure.csproj", "{7AD39F5B-E386-4EE2-AA96-6B9A15636675}"
EndProject
Project("{FAE04EC0-301F-11D3-BF4B-00C04F79EFBC}") = "API", "API\API.csproj", "{DB980219-F3F1-4008-AB8A-C639EC678899}"
EndProject
Global
	GlobalSection(SolutionConfigurationPlatforms) = preSolution
		Debug|Any CPU = Debug|Any CPU
		Release|Any CPU = Release|Any CPU
	EndGlobalSection
	GlobalSection(ProjectConfigurationPlatforms) = postSolution
		{1AC91B91-4792-48EA-AF4D-296A174CA88F}.Debug|Any CPU.ActiveCfg = Debug|Any CPU
		{1AC91B91-4792-48EA-AF4D-296A174CA88F}.Debug|Any CPU.Build.0 = Debug|Any CPU
		{1AC91B91-4792-48EA-AF4D-296A174CA88F}.Release|Any CPU.ActiveCfg = Release|Any CPU
		{1AC91B91-4792-48EA-AF4D-296A174CA88F}.Release|Any CPU.Build.0 = Release|Any CPU
		{7AD39F5B-E386-4EE2-AA96-6B9A15636675}.Debug|Any CPU.ActiveCfg = Debug|Any CPU
		{7AD39F5B-E386-4EE2-AA96-6B9A15636675}.Debug|Any CPU.Build.0 = Debug|Any CPU
		{7AD39F5B-E386-4EE2-AA96-6B9A15636675}.Release|Any CPU.ActiveCfg = Release|Any CPU
		{7AD39F5B-E386-4EE2-AA96-6B9A15636675}.Release|Any CPU.Build.0 = Release|Any CPU
		{DB980219-F3F1-4008-AB8A-C639EC678899}.Debug|Any CPU.ActiveCfg = Debug|Any CPU
		{DB980219-F3F1-4008-AB8A-C639EC678899}.Debug|Any CPU.Build.0 = Debug|Any CPU
		{DB980219-F3F1-4008-AB8A-C639EC678899}.Release|Any CPU.ActiveCfg = Release|Any CPU
		{DB980219-F3F1-4008-AB8A-C639EC678899}.Release|Any CPU.Build.0 = Release|Any CPU
	EndGlobalSection
	GlobalSection(SolutionProperties) = preSolution
		HideSolutionNode = FALSE
	EndGlobalSection
	GlobalSection(NestedProjects) = preSolution
		{1AC91B91-4792-48EA-AF4D-296A174CA88F} = {64BD54A3-3B4D-4448-A02F-83568DAF0F35}
		{7AD39F5B-E386-4EE2-AA96-6B9A15636675} = {64BD54A3-3B4D-4448-A02F-83568DAF0F35}
		{DB980219-F3F1-4008-AB8A-C639EC678899} = {64BD54A3-3B4D-4448-A02F-83568DAF0F35}
	EndGlobalSection
	GlobalSection(ExtensibilityGlobals) = postSolution
		SolutionGuid = {63FF3250-082A-4F97-B7B3-8C9C0389F0DA}
	EndGlobalSection
EndGlobal
